
Microsoft Visual Studio Solution File, Format Version 12.00
# Visual Studio Version 17
VisualStudioVersion = 17.6.33723.286
MinimumVisualStudioVersion = 10.0.40219.1
Project("{9A19103F-16F7-4668-BE54-9A1E7A4F7556}") = "QuartzConApp", "QuartzConApp.csproj", "{ED0FEBFC-312C-4402-8A7D-AEB5EEF0E2B8}"
EndProject
Global
	GlobalSection(SolutionConfigurationPlatforms) = preSolution
		Debug|Any CPU = Debug|Any CPU
		Release|Any CPU = Release|Any CPU
	EndGlobalSection
	GlobalSection(ProjectConfigurationPlatforms) = postSolution
		{ED0FEBFC-312C-4402-8A7D-AEB5EEF0E2B8}.Debug|Any CPU.ActiveCfg = Debug|Any CPU
		{ED0FEBFC-312C-4402-8A7D-AEB5EEF0E2B8}.Debug|Any CPU.Build.0 = Debug|Any CPU
		{ED0FEBFC-312C-4402-8A7D-AEB5EEF0E2B8}.Release|Any CPU.ActiveCfg = Release|Any CPU
		{ED0FEBFC-312C-4402-8A7D-AEB5EEF0E2B8}.Release|Any CPU.Build.0 = Release|Any CPU
	EndGlobalSection
	GlobalSection(SolutionProperties) = preSolution
		HideSolutionNode = FALSE
	EndGlobalSection
	GlobalSection(ExtensibilityGlobals) = postSolution
		SolutionGuid = {49BF0D77-F705-47C7-9E37-0487B8B80353}
	EndGlobalSection
EndGlobal
